
Microsoft Visual Studio Solution File, Format Version 12.00
# Visual Studio Version 17
VisualStudioVersion = 17.14.36301.6
MinimumVisualStudioVersion = 10.0.40219.1
Project("{FAE04EC0-301F-11D3-BF4B-00C04F79EFBC}") = "TheSecretOfAnimaArmory", "TheSecretOfAnimaArmory\TheSecretOfAnimaArmory.csproj", "{5547AC5A-7501-46D2-A465-C417B70AE95D}"
EndProject
Global
	GlobalSection(SolutionConfigurationPlatforms) = preSolution
		Debug|Any CPU = Debug|Any CPU
		Release|Any CPU = Release|Any CPU
	EndGlobalSection
	GlobalSection(ProjectConfigurationPlatforms) = postSolution
		{5547AC5A-7501-46D2-A465-C417B70AE95D}.Debug|Any CPU.ActiveCfg = Debug|Any CPU
		{5547AC5A-7501-46D2-A465-C417B70AE95D}.Debug|Any CPU.Build.0 = Debug|Any CPU
		{5547AC5A-7501-46D2-A465-C417B70AE95D}.Release|Any CPU.ActiveCfg = Release|Any CPU
		{5547AC5A-7501-46D2-A465-C417B70AE95D}.Release|Any CPU.Build.0 = Release|Any CPU
	EndGlobalSection
	GlobalSection(SolutionProperties) = preSolution
		HideSolutionNode = FALSE
	EndGlobalSection
	GlobalSection(ExtensibilityGlobals) = postSolution
		SolutionGuid = {73B80ADF-EBA4-4E1A-AC28-5A3AB8416801}
	EndGlobalSection
EndGlobal
