
Microsoft Visual Studio Solution File, Format Version 12.00
# Visual Studio Version 16
VisualStudioVersion = 16.0.36128.20
MinimumVisualStudioVersion = 10.0.40219.1
Project("{FAE04EC0-301F-11D3-BF4B-00C04F79EFBC}") = "WitchesArsenal", "WitchesOfTheRim\WitchesArsenal.csproj", "{5547AC5A-7501-46D2-A465-C417B70AE95D}"
EndProject
Project("{FAE04EC0-301F-11D3-BF4B-00C04F79EFBC}") = "CE_Compat", "CE_Compat\CE_Compat.csproj", "{3D4C6633-6B61-4C5A-9599-5E53F000F714}"
EndProject
Global
	GlobalSection(SolutionConfigurationPlatforms) = preSolution
		Debug|Any CPU = Debug|Any CPU
		Release|Any CPU = Release|Any CPU
	EndGlobalSection
	GlobalSection(ProjectConfigurationPlatforms) = postSolution
		{5547AC5A-7501-46D2-A465-C417B70AE95D}.Debug|Any CPU.ActiveCfg = Debug|Any CPU
		{5547AC5A-7501-46D2-A465-C417B70AE95D}.Debug|Any CPU.Build.0 = Debug|Any CPU
		{5547AC5A-7501-46D2-A465-C417B70AE95D}.Release|Any CPU.ActiveCfg = Release|Any CPU
		{5547AC5A-7501-46D2-A465-C417B70AE95D}.Release|Any CPU.Build.0 = Release|Any CPU
		{3D4C6633-6B61-4C5A-9599-5E53F000F714}.Debug|Any CPU.ActiveCfg = Debug|Any CPU
		{3D4C6633-6B61-4C5A-9599-5E53F000F714}.Debug|Any CPU.Build.0 = Debug|Any CPU
		{3D4C6633-6B61-4C5A-9599-5E53F000F714}.Release|Any CPU.ActiveCfg = Release|Any CPU
		{3D4C6633-6B61-4C5A-9599-5E53F000F714}.Release|Any CPU.Build.0 = Release|Any CPU
	EndGlobalSection
	GlobalSection(SolutionProperties) = preSolution
		HideSolutionNode = FALSE
	EndGlobalSection
	GlobalSection(ExtensibilityGlobals) = postSolution
		SolutionGuid = {42FAC2C5-A1BA-438C-86D5-AA588B49F7B7}
	EndGlobalSection
EndGlobal
